
Microsoft Visual Studio Solution File, Format Version 12.00
# Visual Studio Version 17
VisualStudioVersion = 17.6.33723.286
MinimumVisualStudioVersion = 10.0.40219.1
Project("{FAE04EC0-301F-11D3-BF4B-00C04F79EFBC}") = "Project18", "Project18\Project18.csproj", "{671DA763-B5BF-4599-B97C-241CE6858400}"
EndProject
Project("{FAE04EC0-301F-11D3-BF4B-00C04F79EFBC}") = "Project18Library", "Project18Library\Project18Library.csproj", "{8253C7D4-430C-471E-AF96-25A087D776E4}"
EndProject
Global
	GlobalSection(SolutionConfigurationPlatforms) = preSolution
		Debug|Any CPU = Debug|Any CPU
		Release|Any CPU = Release|Any CPU
	EndGlobalSection
	GlobalSection(ProjectConfigurationPlatforms) = postSolution
		{671DA763-B5BF-4599-B97C-241CE6858400}.Debug|Any CPU.ActiveCfg = Debug|Any CPU
		{671DA763-B5BF-4599-B97C-241CE6858400}.Debug|Any CPU.Build.0 = Debug|Any CPU
		{671DA763-B5BF-4599-B97C-241CE6858400}.Release|Any CPU.ActiveCfg = Release|Any CPU
		{671DA763-B5BF-4599-B97C-241CE6858400}.Release|Any CPU.Build.0 = Release|Any CPU
		{8253C7D4-430C-471E-AF96-25A087D776E4}.Debug|Any CPU.ActiveCfg = Debug|Any CPU
		{8253C7D4-430C-471E-AF96-25A087D776E4}.Debug|Any CPU.Build.0 = Debug|Any CPU
		{8253C7D4-430C-471E-AF96-25A087D776E4}.Release|Any CPU.ActiveCfg = Release|Any CPU
		{8253C7D4-430C-471E-AF96-25A087D776E4}.Release|Any CPU.Build.0 = Release|Any CPU
	EndGlobalSection
	GlobalSection(SolutionProperties) = preSolution
		HideSolutionNode = FALSE
	EndGlobalSection
	GlobalSection(ExtensibilityGlobals) = postSolution
		SolutionGuid = {96F20558-E34D-43CF-BFC4-FF0A24F303D7}
	EndGlobalSection
EndGlobal
